
Microsoft Visual Studio Solution File, Format Version 12.00
# Visual Studio Version 16
VisualStudioVersion = 16.0.29306.81
MinimumVisualStudioVersion = 10.0.40219.1
Project("{9A19103F-16F7-4668-BE54-9A1E7A4F7556}") = "SqrlForNet", "SqrlForNet\SqrlForNet.csproj", "{D8AE1B61-9967-49A8-8543-0E5CBD929702}"
EndProject
Project("{9A19103F-16F7-4668-BE54-9A1E7A4F7556}") = "InMemory", "Examples\InMemory\InMemory.csproj", "{54492F00-E135-45B0-8818-4A23A68DF9B2}"
EndProject
Project("{2150E333-8FDC-42A3-9474-1A3956D46DE8}") = "Examples", "Examples", "{70FA3413-2862-425B-B8A2-D5E1E68822D7}"
EndProject
Project("{9A19103F-16F7-4668-BE54-9A1E7A4F7556}") = "CustomLoginPage", "Examples\CustomLoginPage\CustomLoginPage.csproj", "{796C5BA2-2887-4407-B50A-3F43ED2E6D69}"
EndProject
Project("{9A19103F-16F7-4668-BE54-9A1E7A4F7556}") = "StoringNuts", "Examples\StoringNuts\StoringNuts.csproj", "{28646752-6AEE-4455-90B4-9F21D1D70CF6}"
EndProject
Project("{9A19103F-16F7-4668-BE54-9A1E7A4F7556}") = "CustomLoginPageWithHtmlHelpers", "Examples\CustomLoginPageWithHtmlHelpers\CustomLoginPageWithHtmlHelpers.csproj", "{CC326E57-D5CD-4AA2-BEBB-AEA3E5A43222}"
EndProject
Project("{9A19103F-16F7-4668-BE54-9A1E7A4F7556}") = "HelpersProvidersAndOtherPaths", "Examples\HelpersProvidersAndOtherPaths\HelpersProvidersAndOtherPaths.csproj", "{9C877057-4C85-4EB0-8921-EA54444A37D9}"
EndProject
Project("{9A19103F-16F7-4668-BE54-9A1E7A4F7556}") = "AskMessage", "Examples\AskMessage\AskMessage.csproj", "{A9D4C9DA-CD79-4B9A-A211-7B03A925E179}"
EndProject
Project("{FAE04EC0-301F-11D3-BF4B-00C04F79EFBC}") = "WithDatabase", "Examples\WithDatabase\WithDatabase.csproj", "{95638D96-23D4-497B-AD0E-673EFDDCE533}"
EndProject
Project("{2150E333-8FDC-42A3-9474-1A3956D46DE8}") = "Tests", "Tests", "{A91452D4-A0C7-4D08-9440-7202D7A43744}"
EndProject
Project("{FAE04EC0-301F-11D3-BF4B-00C04F79EFBC}") = "UnitTests", "Tests\UnitTests\UnitTests.csproj", "{E8CB8FD9-BD72-42CB-8EFF-D23BF6334061}"
EndProject
Global
	GlobalSection(SolutionConfigurationPlatforms) = preSolution
		Debug|Any CPU = Debug|Any CPU
		Release|Any CPU = Release|Any CPU
	EndGlobalSection
	GlobalSection(ProjectConfigurationPlatforms) = postSolution
		{D8AE1B61-9967-49A8-8543-0E5CBD929702}.Debug|Any CPU.ActiveCfg = Debug|Any CPU
		{D8AE1B61-9967-49A8-8543-0E5CBD929702}.Debug|Any CPU.Build.0 = Debug|Any CPU
		{D8AE1B61-9967-49A8-8543-0E5CBD929702}.Release|Any CPU.ActiveCfg = Release|Any CPU
		{D8AE1B61-9967-49A8-8543-0E5CBD929702}.Release|Any CPU.Build.0 = Release|Any CPU
		{54492F00-E135-45B0-8818-4A23A68DF9B2}.Debug|Any CPU.ActiveCfg = Debug|Any CPU
		{54492F00-E135-45B0-8818-4A23A68DF9B2}.Debug|Any CPU.Build.0 = Debug|Any CPU
		{54492F00-E135-45B0-8818-4A23A68DF9B2}.Release|Any CPU.ActiveCfg = Release|Any CPU
		{54492F00-E135-45B0-8818-4A23A68DF9B2}.Release|Any CPU.Build.0 = Release|Any CPU
		{796C5BA2-2887-4407-B50A-3F43ED2E6D69}.Debug|Any CPU.ActiveCfg = Debug|Any CPU
		{796C5BA2-2887-4407-B50A-3F43ED2E6D69}.Debug|Any CPU.Build.0 = Debug|Any CPU
		{796C5BA2-2887-4407-B50A-3F43ED2E6D69}.Release|Any CPU.ActiveCfg = Release|Any CPU
		{796C5BA2-2887-4407-B50A-3F43ED2E6D69}.Release|Any CPU.Build.0 = Release|Any CPU
		{28646752-6AEE-4455-90B4-9F21D1D70CF6}.Debug|Any CPU.ActiveCfg = Debug|Any CPU
		{28646752-6AEE-4455-90B4-9F21D1D70CF6}.Debug|Any CPU.Build.0 = Debug|Any CPU
		{28646752-6AEE-4455-90B4-9F21D1D70CF6}.Release|Any CPU.ActiveCfg = Release|Any CPU
		{28646752-6AEE-4455-90B4-9F21D1D70CF6}.Release|Any CPU.Build.0 = Release|Any CPU
		{CC326E57-D5CD-4AA2-BEBB-AEA3E5A43222}.Debug|Any CPU.ActiveCfg = Debug|Any CPU
		{CC326E57-D5CD-4AA2-BEBB-AEA3E5A43222}.Debug|Any CPU.Build.0 = Debug|Any CPU
		{CC326E57-D5CD-4AA2-BEBB-AEA3E5A43222}.Release|Any CPU.ActiveCfg = Release|Any CPU
		{CC326E57-D5CD-4AA2-BEBB-AEA3E5A43222}.Release|Any CPU.Build.0 = Release|Any CPU
		{9C877057-4C85-4EB0-8921-EA54444A37D9}.Debug|Any CPU.ActiveCfg = Debug|Any CPU
		{9C877057-4C85-4EB0-8921-EA54444A37D9}.Debug|Any CPU.Build.0 = Debug|Any CPU
		{9C877057-4C85-4EB0-8921-EA54444A37D9}.Release|Any CPU.ActiveCfg = Release|Any CPU
		{9C877057-4C85-4EB0-8921-EA54444A37D9}.Release|Any CPU.Build.0 = Release|Any CPU
		{A9D4C9DA-CD79-4B9A-A211-7B03A925E179}.Debug|Any CPU.ActiveCfg = Debug|Any CPU
		{A9D4C9DA-CD79-4B9A-A211-7B03A925E179}.Debug|Any CPU.Build.0 = Debug|Any CPU
		{A9D4C9DA-CD79-4B9A-A211-7B03A925E179}.Release|Any CPU.ActiveCfg = Release|Any CPU
		{A9D4C9DA-CD79-4B9A-A211-7B03A925E179}.Release|Any CPU.Build.0 = Release|Any CPU
		{95638D96-23D4-497B-AD0E-673EFDDCE533}.Debug|Any CPU.ActiveCfg = Debug|Any CPU
		{95638D96-23D4-497B-AD0E-673EFDDCE533}.Debug|Any CPU.Build.0 = Debug|Any CPU
		{95638D96-23D4-497B-AD0E-673EFDDCE533}.Release|Any CPU.ActiveCfg = Release|Any CPU
		{95638D96-23D4-497B-AD0E-673EFDDCE533}.Release|Any CPU.Build.0 = Release|Any CPU
		{E8CB8FD9-BD72-42CB-8EFF-D23BF6334061}.Debug|Any CPU.ActiveCfg = Debug|Any CPU
		{E8CB8FD9-BD72-42CB-8EFF-D23BF6334061}.Debug|Any CPU.Build.0 = Debug|Any CPU
		{E8CB8FD9-BD72-42CB-8EFF-D23BF6334061}.Release|Any CPU.ActiveCfg = Release|Any CPU
		{E8CB8FD9-BD72-42CB-8EFF-D23BF6334061}.Release|Any CPU.Build.0 = Release|Any CPU
	EndGlobalSection
	GlobalSection(SolutionProperties) = preSolution
		HideSolutionNode = FALSE
	EndGlobalSection
	GlobalSection(NestedProjects) = preSolution
		{54492F00-E135-45B0-8818-4A23A68DF9B2} = {70FA3413-2862-425B-B8A2-D5E1E68822D7}
		{796C5BA2-2887-4407-B50A-3F43ED2E6D69} = {70FA3413-2862-425B-B8A2-D5E1E68822D7}
		{28646752-6AEE-4455-90B4-9F21D1D70CF6} = {70FA3413-2862-425B-B8A2-D5E1E68822D7}
		{CC326E57-D5CD-4AA2-BEBB-AEA3E5A43222} = {70FA3413-2862-425B-B8A2-D5E1E68822D7}
		{9C877057-4C85-4EB0-8921-EA54444A37D9} = {70FA3413-2862-425B-B8A2-D5E1E68822D7}
		{A9D4C9DA-CD79-4B9A-A211-7B03A925E179} = {70FA3413-2862-425B-B8A2-D5E1E68822D7}
		{95638D96-23D4-497B-AD0E-673EFDDCE533} = {70FA3413-2862-425B-B8A2-D5E1E68822D7}
		{E8CB8FD9-BD72-42CB-8EFF-D23BF6334061} = {A91452D4-A0C7-4D08-9440-7202D7A43744}
	EndGlobalSection
	GlobalSection(ExtensibilityGlobals) = postSolution
		SolutionGuid = {AF7F16DE-C09B-4D43-83B7-9D081DD293A1}
	EndGlobalSection
EndGlobal
